
Microsoft Visual Studio Solution File, Format Version 12.00
# Visual Studio Version 16
VisualStudioVersion = 16.0.808.5
MinimumVisualStudioVersion = 10.0.40219.1
Project("{FAE04EC0-301F-11D3-BF4B-00C04F79EFBC}") = "SelenicAPI", "SelenicAPI\SelenicAPI.csproj", "{23E8A965-C75B-4B1D-8E0B-245A4E274E12}"
EndProject
Global
	GlobalSection(SolutionConfigurationPlatforms) = preSolution
		Debug|Any CPU = Debug|Any CPU
		Release|Any CPU = Release|Any CPU
	EndGlobalSection
	GlobalSection(ProjectConfigurationPlatforms) = postSolution
		{23E8A965-C75B-4B1D-8E0B-245A4E274E12}.Debug|Any CPU.ActiveCfg = Debug|Any CPU
		{23E8A965-C75B-4B1D-8E0B-245A4E274E12}.Debug|Any CPU.Build.0 = Debug|Any CPU
		{23E8A965-C75B-4B1D-8E0B-245A4E274E12}.Release|Any CPU.ActiveCfg = Release|Any CPU
		{23E8A965-C75B-4B1D-8E0B-245A4E274E12}.Release|Any CPU.Build.0 = Release|Any CPU
	EndGlobalSection
	GlobalSection(SolutionProperties) = preSolution
		HideSolutionNode = FALSE
	EndGlobalSection
	GlobalSection(ExtensibilityGlobals) = postSolution
		SolutionGuid = {CDAB3405-D2E4-4BD7-A5A5-59BD80B41336}
	EndGlobalSection
EndGlobal
